{
  "name": "strudel.mini",
  "lockfileVersion": 3,
  "requires": true,
  "packages": {
    "": {
      "dependencies": {
        "@strudel/mini": "^1.2.5"
      }
    },
    "node_modules/@strudel/core": {
      "version": "1.2.5",
      "resolved": "https://registry.npmjs.org/@strudel/core/-/core-1.2.5.tgz",
      "integrity": "sha512-XO6ICbfuGfvaQ4sZmfIFsPDcjFez/+AVpNgJnmks5gtMMQNXpr0reuee61tvMiu2k5QYKzxWgzDl2FF9pJeIgA==",
      "license": "AGPL-3.0-or-later",
      "dependencies": {
        "fraction.js": "^5.2.1"
      }
    },
    "node_modules/@strudel/mini": {
      "version": "1.2.5",
      "resolved": "https://registry.npmjs.org/@strudel/mini/-/mini-1.2.5.tgz",
      "integrity": "sha512-GmTWSBt49C3ogBy0hjM3bmf6K12PaJ1JJLsEvQu7j5J+lUd2n7GmLYR1UL6fntY4yVqT8ZwMhfUf6vIgUCTNbw==",
      "license": "AGPL-3.0-or-later",
      "dependencies": {
        "@strudel/core": "1.2.5"
      }
    },
    "node_modules/fraction.js": {
      "version": "5.3.4",
      "resolved": "https://registry.npmjs.org/fraction.js/-/fraction.js-5.3.4.tgz",
      "integrity": "sha512-1X1NTtiJphryn/uLQz3whtY6jK3fTqoE3ohKs0tT+Ujr1W59oopxmoEh7Lu5p6vBaPbgoM0bzveAW4Qi5RyWDQ==",
      "license": "MIT",
      "engines": {
        "node": "*"
      },
      "funding": {
        "type": "github",
        "url": "https://github.com/sponsors/rawify"
      }
    }
  }
}
